// !$*UTF8*$!
{
	archiveVersion = 1;
	classes = {
	};
	objectVersion = 46;
	objects = {

/* Begin PBXBuildFile section */
		BB46A54719E00D4D002A2CC5 /* offerRequestTests.swift in Sources */ = {isa = PBXBuildFile; fileRef = BB46A54619E00D4D002A2CC5 /* offerRequestTests.swift */; };
		BB46A54819E00DC5002A2CC5 /* extensionsViews.swift in Sources */ = {isa = PBXBuildFile; fileRef = BBB9D6D419DFFC3E00308729 /* extensionsViews.swift */; };
		BB46A54919E00DC7002A2CC5 /* OfferRequest.swift in Sources */ = {isa = PBXBuildFile; fileRef = BBB9D6D619E0057E00308729 /* OfferRequest.swift */; };
		BB46A54A19E00DCA002A2CC5 /* ViewController.swift in Sources */ = {isa = PBXBuildFile; fileRef = BB5F752219DFF94C002C0025 /* ViewController.swift */; };
		BB46A54B19E00DCE002A2CC5 /* OfferFormView.swift in Sources */ = {isa = PBXBuildFile; fileRef = BB5F751E19DFF900002C0025 /* OfferFormView.swift */; };
		BB46A54C19E00DFB002A2CC5 /* constants.swift in Sources */ = {isa = PBXBuildFile; fileRef = BBB9D6D819E0091A00308729 /* constants.swift */; };
		BB46A55C19E03204002A2CC5 /* NSString+Hashes.m in Sources */ = {isa = PBXBuildFile; fileRef = BB46A55B19E03204002A2CC5 /* NSString+Hashes.m */; };
		BB46A55E19E03268002A2CC5 /* SystemConfiguration.framework in Frameworks */ = {isa = PBXBuildFile; fileRef = BB46A55D19E03268002A2CC5 /* SystemConfiguration.framework */; };
		BB46A55F19E034D4002A2CC5 /* NSString+Hashes.m in Sources */ = {isa = PBXBuildFile; fileRef = BB46A55B19E03204002A2CC5 /* NSString+Hashes.m */; };
		BB46A56019E034F6002A2CC5 /* SystemConfiguration.framework in Frameworks */ = {isa = PBXBuildFile; fileRef = BB46A55D19E03268002A2CC5 /* SystemConfiguration.framework */; };
		BB46A56719E03EAE002A2CC5 /* AdSupport.framework in Frameworks */ = {isa = PBXBuildFile; fileRef = BB46A56619E03EAE002A2CC5 /* AdSupport.framework */; };
		BB46A56819E03EB3002A2CC5 /* AdSupport.framework in Frameworks */ = {isa = PBXBuildFile; fileRef = BB46A56619E03EAE002A2CC5 /* AdSupport.framework */; };
		BB46A56A19E08BE0002A2CC5 /* SponsorPayApiController.swift in Sources */ = {isa = PBXBuildFile; fileRef = BB46A56919E08BE0002A2CC5 /* SponsorPayApiController.swift */; };
		BB46A56B19E08BE2002A2CC5 /* SponsorPayApiController.swift in Sources */ = {isa = PBXBuildFile; fileRef = BB46A56919E08BE0002A2CC5 /* SponsorPayApiController.swift */; };
		BB46A56D19E08DA8002A2CC5 /* apiControllerTests.swift in Sources */ = {isa = PBXBuildFile; fileRef = BB46A56C19E08DA8002A2CC5 /* apiControllerTests.swift */; };
		BB5F74FC19DFF45E002C0025 /* AppDelegate.swift in Sources */ = {isa = PBXBuildFile; fileRef = BB5F74FB19DFF45E002C0025 /* AppDelegate.swift */; };
		BB5F750119DFF45E002C0025 /* Main.storyboard in Resources */ = {isa = PBXBuildFile; fileRef = BB5F74FF19DFF45E002C0025 /* Main.storyboard */; };
		BB5F750319DFF45E002C0025 /* Images.xcassets in Resources */ = {isa = PBXBuildFile; fileRef = BB5F750219DFF45E002C0025 /* Images.xcassets */; };
		BB5F750619DFF45E002C0025 /* LaunchScreen.xib in Resources */ = {isa = PBXBuildFile; fileRef = BB5F750419DFF45E002C0025 /* LaunchScreen.xib */; };
		BB5F751219DFF45E002C0025 /* sponsorPayTests.swift in Sources */ = {isa = PBXBuildFile; fileRef = BB5F751119DFF45E002C0025 /* sponsorPayTests.swift */; };
		BB5F751F19DFF900002C0025 /* OfferFormView.swift in Sources */ = {isa = PBXBuildFile; fileRef = BB5F751E19DFF900002C0025 /* OfferFormView.swift */; };
		BB5F752319DFF94C002C0025 /* ViewController.swift in Sources */ = {isa = PBXBuildFile; fileRef = BB5F752219DFF94C002C0025 /* ViewController.swift */; };
		BB5FBC6119E1530E00FDC7D4 /* OffersResponse.swift in Sources */ = {isa = PBXBuildFile; fileRef = BB5FBC6019E1530E00FDC7D4 /* OffersResponse.swift */; };
		BB5FBC6319E1531B00FDC7D4 /* Offer.swift in Sources */ = {isa = PBXBuildFile; fileRef = BB5FBC6219E1531B00FDC7D4 /* Offer.swift */; };
		BB5FBC6519E1561000FDC7D4 /* OffersResponse.swift in Sources */ = {isa = PBXBuildFile; fileRef = BB5FBC6019E1530E00FDC7D4 /* OffersResponse.swift */; };
		BB5FBC6619E1561300FDC7D4 /* Offer.swift in Sources */ = {isa = PBXBuildFile; fileRef = BB5FBC6219E1531B00FDC7D4 /* Offer.swift */; };
		BB5FBC6819E15CCA00FDC7D4 /* offerTests.swift in Sources */ = {isa = PBXBuildFile; fileRef = BB5FBC6719E15CCA00FDC7D4 /* offerTests.swift */; };
		BB5FBC6A19E16F2E00FDC7D4 /* OffersViewController.swift in Sources */ = {isa = PBXBuildFile; fileRef = BB5FBC6919E16F2E00FDC7D4 /* OffersViewController.swift */; };
		BB5FBC6B19E1706700FDC7D4 /* OffersViewController.swift in Sources */ = {isa = PBXBuildFile; fileRef = BB5FBC6919E16F2E00FDC7D4 /* OffersViewController.swift */; };
		BB5FBC6E19E1729D00FDC7D4 /* OfferTableViewCell.swift in Sources */ = {isa = PBXBuildFile; fileRef = BB5FBC6C19E1729D00FDC7D4 /* OfferTableViewCell.swift */; };
		BB5FBC6F19E1729D00FDC7D4 /* OfferTableViewCell.xib in Resources */ = {isa = PBXBuildFile; fileRef = BB5FBC6D19E1729D00FDC7D4 /* OfferTableViewCell.xib */; };
		BB5FBC7019E172A500FDC7D4 /* OfferTableViewCell.swift in Sources */ = {isa = PBXBuildFile; fileRef = BB5FBC6C19E1729D00FDC7D4 /* OfferTableViewCell.swift */; };
		BBB9D6D519DFFC3E00308729 /* extensionsViews.swift in Sources */ = {isa = PBXBuildFile; fileRef = BBB9D6D419DFFC3E00308729 /* extensionsViews.swift */; };
		BBB9D6D719E0057E00308729 /* OfferRequest.swift in Sources */ = {isa = PBXBuildFile; fileRef = BBB9D6D619E0057E00308729 /* OfferRequest.swift */; };
		BBB9D6D919E0091A00308729 /* constants.swift in Sources */ = {isa = PBXBuildFile; fileRef = BBB9D6D819E0091A00308729 /* constants.swift */; };
/* End PBXBuildFile section */

/* Begin PBXContainerItemProxy section */
		BB5F750C19DFF45E002C0025 /* PBXContainerItemProxy */ = {
			isa = PBXContainerItemProxy;
			containerPortal = BB5F74EE19DFF45E002C0025 /* Project object */;
			proxyType = 1;
			remoteGlobalIDString = BB5F74F519DFF45E002C0025;
			remoteInfo = sponsorPay;
		};
/* End PBXContainerItemProxy section */

/* Begin PBXFileReference section */
		BB46A54619E00D4D002A2CC5 /* offerRequestTests.swift */ = {isa = PBXFileReference; fileEncoding = 4; lastKnownFileType = sourcecode.swift; path = offerRequestTests.swift; sourceTree = "<group>"; };
		BB46A55019E02FFA002A2CC5 /* sponsorPay-Bridging-Header.h */ = {isa = PBXFileReference; lastKnownFileType = sourcecode.c.h; name = "sponsorPay-Bridging-Header.h"; path = "sponsorPay/Extensions/sponsorPay-Bridging-Header.h"; sourceTree = "<group>"; };
		BB46A55A19E03204002A2CC5 /* NSString+Hashes.h */ = {isa = PBXFileReference; fileEncoding = 4; lastKnownFileType = sourcecode.c.h; path = "NSString+Hashes.h"; sourceTree = "<group>"; };
		BB46A55B19E03204002A2CC5 /* NSString+Hashes.m */ = {isa = PBXFileReference; fileEncoding = 4; lastKnownFileType = sourcecode.c.objc; path = "NSString+Hashes.m"; sourceTree = "<group>"; };
		BB46A55D19E03268002A2CC5 /* SystemConfiguration.framework */ = {isa = PBXFileReference; lastKnownFileType = wrapper.framework; name = SystemConfiguration.framework; path = System/Library/Frameworks/SystemConfiguration.framework; sourceTree = SDKROOT; };
		BB46A56619E03EAE002A2CC5 /* AdSupport.framework */ = {isa = PBXFileReference; lastKnownFileType = wrapper.framework; name = AdSupport.framework; path = System/Library/Frameworks/AdSupport.framework; sourceTree = SDKROOT; };
		BB46A56919E08BE0002A2CC5 /* SponsorPayApiController.swift */ = {isa = PBXFileReference; fileEncoding = 4; lastKnownFileType = sourcecode.swift; path = SponsorPayApiController.swift; sourceTree = "<group>"; };
		BB46A56C19E08DA8002A2CC5 /* apiControllerTests.swift */ = {isa = PBXFileReference; fileEncoding = 4; lastKnownFileType = sourcecode.swift; path = apiControllerTests.swift; sourceTree = "<group>"; };
		BB5F74F619DFF45E002C0025 /* sponsorPay.app */ = {isa = PBXFileReference; explicitFileType = wrapper.application; includeInIndex = 0; path = sponsorPay.app; sourceTree = BUILT_PRODUCTS_DIR; };
		BB5F74FA19DFF45E002C0025 /* Info.plist */ = {isa = PBXFileReference; lastKnownFileType = text.plist.xml; path = Info.plist; sourceTree = "<group>"; };
		BB5F74FB19DFF45E002C0025 /* AppDelegate.swift */ = {isa = PBXFileReference; lastKnownFileType = sourcecode.swift; path = AppDelegate.swift; sourceTree = "<group>"; };
		BB5F750019DFF45E002C0025 /* Base */ = {isa = PBXFileReference; lastKnownFileType = file.storyboard; name = Base; path = Base.lproj/Main.storyboard; sourceTree = "<group>"; };
		BB5F750219DFF45E002C0025 /* Images.xcassets */ = {isa = PBXFileReference; lastKnownFileType = folder.assetcatalog; path = Images.xcassets; sourceTree = "<group>"; };
		BB5F750519DFF45E002C0025 /* Base */ = {isa = PBXFileReference; lastKnownFileType = file.xib; name = Base; path = Base.lproj/LaunchScreen.xib; sourceTree = "<group>"; };
		BB5F750B19DFF45E002C0025 /* sponsorPayTests.xctest */ = {isa = PBXFileReference; explicitFileType = wrapper.cfbundle; includeInIndex = 0; path = sponsorPayTests.xctest; sourceTree = BUILT_PRODUCTS_DIR; };
		BB5F751019DFF45E002C0025 /* Info.plist */ = {isa = PBXFileReference; lastKnownFileType = text.plist.xml; path = Info.plist; sourceTree = "<group>"; };
		BB5F751119DFF45E002C0025 /* sponsorPayTests.swift */ = {isa = PBXFileReference; lastKnownFileType = sourcecode.swift; path = sponsorPayTests.swift; sourceTree = "<group>"; };
		BB5F751E19DFF900002C0025 /* OfferFormView.swift */ = {isa = PBXFileReference; fileEncoding = 4; lastKnownFileType = sourcecode.swift; path = OfferFormView.swift; sourceTree = "<group>"; };
		BB5F752219DFF94C002C0025 /* ViewController.swift */ = {isa = PBXFileReference; fileEncoding = 4; lastKnownFileType = sourcecode.swift; path = ViewController.swift; sourceTree = "<group>"; };
		BB5FBC6019E1530E00FDC7D4 /* OffersResponse.swift */ = {isa = PBXFileReference; fileEncoding = 4; lastKnownFileType = sourcecode.swift; path = OffersResponse.swift; sourceTree = "<group>"; };
		BB5FBC6219E1531B00FDC7D4 /* Offer.swift */ = {isa = PBXFileReference; fileEncoding = 4; lastKnownFileType = sourcecode.swift; path = Offer.swift; sourceTree = "<group>"; };
		BB5FBC6719E15CCA00FDC7D4 /* offerTests.swift */ = {isa = PBXFileReference; fileEncoding = 4; lastKnownFileType = sourcecode.swift; path = offerTests.swift; sourceTree = "<group>"; };
		BB5FBC6919E16F2E00FDC7D4 /* OffersViewController.swift */ = {isa = PBXFileReference; fileEncoding = 4; lastKnownFileType = sourcecode.swift; path = OffersViewController.swift; sourceTree = "<group>"; };
		BB5FBC6C19E1729D00FDC7D4 /* OfferTableViewCell.swift */ = {isa = PBXFileReference; fileEncoding = 4; lastKnownFileType = sourcecode.swift; path = OfferTableViewCell.swift; sourceTree = "<group>"; };
		BB5FBC6D19E1729D00FDC7D4 /* OfferTableViewCell.xib */ = {isa = PBXFileReference; fileEncoding = 4; lastKnownFileType = file.xib; path = OfferTableViewCell.xib; sourceTree = "<group>"; };
		BBB9D6D419DFFC3E00308729 /* extensionsViews.swift */ = {isa = PBXFileReference; fileEncoding = 4; lastKnownFileType = sourcecode.swift; path = extensionsViews.swift; sourceTree = "<group>"; };
		BBB9D6D619E0057E00308729 /* OfferRequest.swift */ = {isa = PBXFileReference; fileEncoding = 4; lastKnownFileType = sourcecode.swift; path = OfferRequest.swift; sourceTree = "<group>"; };
		BBB9D6D819E0091A00308729 /* constants.swift */ = {isa = PBXFileReference; fileEncoding = 4; lastKnownFileType = sourcecode.swift; path = constants.swift; sourceTree = "<group>"; };
/* End PBXFileReference section */

/* Begin PBXFrameworksBuildPhase section */
		BB5F74F319DFF45E002C0025 /* Frameworks */ = {
			isa = PBXFrameworksBuildPhase;
			buildActionMask = 2147483647;
			files = (
				BB46A55E19E03268002A2CC5 /* SystemConfiguration.framework in Frameworks */,
				BB46A56819E03EB3002A2CC5 /* AdSupport.framework in Frameworks */,
			);
			runOnlyForDeploymentPostprocessing = 0;
		};
		BB5F750819DFF45E002C0025 /* Frameworks */ = {
			isa = PBXFrameworksBuildPhase;
			buildActionMask = 2147483647;
			files = (
				BB46A56719E03EAE002A2CC5 /* AdSupport.framework in Frameworks */,
				BB46A56019E034F6002A2CC5 /* SystemConfiguration.framework in Frameworks */,
			);
			runOnlyForDeploymentPostprocessing = 0;
		};
/* End PBXFrameworksBuildPhase section */

/* Begin PBXGroup section */
		BB46A54F19E02F73002A2CC5 /* Frameworks - Libs */ = {
			isa = PBXGroup;
			children = (
				BB46A56619E03EAE002A2CC5 /* AdSupport.framework */,
				BB46A55D19E03268002A2CC5 /* SystemConfiguration.framework */,
			);
			name = "Frameworks - Libs";
			sourceTree = "<group>";
		};
		BB46A56119E03587002A2CC5 /* Tools */ = {
			isa = PBXGroup;
			children = (
			);
			name = Tools;
			sourceTree = "<group>";
		};
		BB5F74ED19DFF45E002C0025 = {
			isa = PBXGroup;
			children = (
				BB46A55019E02FFA002A2CC5 /* sponsorPay-Bridging-Header.h */,
				BB46A54F19E02F73002A2CC5 /* Frameworks - Libs */,
				BB5F74F819DFF45E002C0025 /* sponsorPay */,
				BB5F750E19DFF45E002C0025 /* sponsorPayTests */,
				BB5F74F719DFF45E002C0025 /* Products */,
			);
			sourceTree = "<group>";
		};
		BB5F74F719DFF45E002C0025 /* Products */ = {
			isa = PBXGroup;
			children = (
				BB5F74F619DFF45E002C0025 /* sponsorPay.app */,
				BB5F750B19DFF45E002C0025 /* sponsorPayTests.xctest */,
			);
			name = Products;
			sourceTree = "<group>";
		};
		BB5F74F819DFF45E002C0025 /* sponsorPay */ = {
			isa = PBXGroup;
			children = (
				BB46A56119E03587002A2CC5 /* Tools */,
				BBB9D6D319DFFC1100308729 /* Extensions */,
				BB5F752119DFF933002C0025 /* Models */,
				BB5F752019DFF92B002C0025 /* Controllers */,
				BB5F751B19DFF8B3002C0025 /* Views */,
				BB5F74FB19DFF45E002C0025 /* AppDelegate.swift */,
				BB5F74FF19DFF45E002C0025 /* Main.storyboard */,
				BB5F750219DFF45E002C0025 /* Images.xcassets */,
				BB5F750419DFF45E002C0025 /* LaunchScreen.xib */,
				BB5F74F919DFF45E002C0025 /* Supporting Files */,
				BBB9D6D819E0091A00308729 /* constants.swift */,
			);
			path = sponsorPay;
			sourceTree = "<group>";
		};
		BB5F74F919DFF45E002C0025 /* Supporting Files */ = {
			isa = PBXGroup;
			children = (
				BB5F74FA19DFF45E002C0025 /* Info.plist */,
			);
			name = "Supporting Files";
			sourceTree = "<group>";
		};
		BB5F750E19DFF45E002C0025 /* sponsorPayTests */ = {
			isa = PBXGroup;
			children = (
				BB46A56C19E08DA8002A2CC5 /* apiControllerTests.swift */,
				BB46A54619E00D4D002A2CC5 /* offerRequestTests.swift */,
				BB5F751119DFF45E002C0025 /* sponsorPayTests.swift */,
				BB5FBC6719E15CCA00FDC7D4 /* offerTests.swift */,
				BB5F750F19DFF45E002C0025 /* Supporting Files */,
			);
			path = sponsorPayTests;
			sourceTree = "<group>";
		};
		BB5F750F19DFF45E002C0025 /* Supporting Files */ = {
			isa = PBXGroup;
			children = (
				BB5F751019DFF45E002C0025 /* Info.plist */,
			);
			name = "Supporting Files";
			sourceTree = "<group>";
		};
		BB5F751B19DFF8B3002C0025 /* Views */ = {
			isa = PBXGroup;
			children = (
				BB5F751E19DFF900002C0025 /* OfferFormView.swift */,
				BB5FBC6C19E1729D00FDC7D4 /* OfferTableViewCell.swift */,
				BB5FBC6D19E1729D00FDC7D4 /* OfferTableViewCell.xib */,
			);
			path = Views;
			sourceTree = "<group>";
		};
		BB5F752019DFF92B002C0025 /* Controllers */ = {
			isa = PBXGroup;
			children = (
				BB6B945B19E17CA8000AE9D8 /* Views controllers */,
				BB46A56919E08BE0002A2CC5 /* SponsorPayApiController.swift */,
			);
			path = Controllers;
			sourceTree = "<group>";
		};
		BB5F752119DFF933002C0025 /* Models */ = {
			isa = PBXGroup;
			children = (
				BB5FBC6419E1532000FDC7D4 /* API */,
				BB5FBC6219E1531B00FDC7D4 /* Offer.swift */,
			);
			path = Models;
			sourceTree = "<group>";
		};
		BB5FBC6419E1532000FDC7D4 /* API */ = {
			isa = PBXGroup;
			children = (
				BBB9D6D619E0057E00308729 /* OfferRequest.swift */,
				BB5FBC6019E1530E00FDC7D4 /* OffersResponse.swift */,
			);
			name = API;
			sourceTree = "<group>";
		};
		BB6B945B19E17CA8000AE9D8 /* Views controllers */ = {
			isa = PBXGroup;
			children = (
				BB5F752219DFF94C002C0025 /* ViewController.swift */,
				BB5FBC6919E16F2E00FDC7D4 /* OffersViewController.swift */,
			);
			name = "Views controllers";
			sourceTree = "<group>";
		};
		BBB9D6D319DFFC1100308729 /* Extensions */ = {
			isa = PBXGroup;
			children = (
				BB46A55A19E03204002A2CC5 /* NSString+Hashes.h */,
				BB46A55B19E03204002A2CC5 /* NSString+Hashes.m */,
				BBB9D6D419DFFC3E00308729 /* extensionsViews.swift */,
			);
			path = Extensions;
			sourceTree = "<group>";
		};
/* End PBXGroup section */

/* Begin PBXNativeTarget section */
		BB5F74F519DFF45E002C0025 /* sponsorPay */ = {
			isa = PBXNativeTarget;
			buildConfigurationList = BB5F751519DFF45E002C0025 /* Build configuration list for PBXNativeTarget "sponsorPay" */;
			buildPhases = (
				BB5F74F219DFF45E002C0025 /* Sources */,
				BB5F74F319DFF45E002C0025 /* Frameworks */,
				BB5F74F419DFF45E002C0025 /* Resources */,
			);
			buildRules = (
			);
			dependencies = (
			);
			name = sponsorPay;
			productName = sponsorPay;
			productReference = BB5F74F619DFF45E002C0025 /* sponsorPay.app */;
			productType = "com.apple.product-type.application";
		};
		BB5F750A19DFF45E002C0025 /* sponsorPayTests */ = {
			isa = PBXNativeTarget;
			buildConfigurationList = BB5F751819DFF45E002C0025 /* Build configuration list for PBXNativeTarget "sponsorPayTests" */;
			buildPhases = (
				BB5F750719DFF45E002C0025 /* Sources */,
				BB5F750819DFF45E002C0025 /* Frameworks */,
				BB5F750919DFF45E002C0025 /* Resources */,
			);
			buildRules = (
			);
			dependencies = (
				BB5F750D19DFF45E002C0025 /* PBXTargetDependency */,
			);
			name = sponsorPayTests;
			productName = sponsorPayTests;
			productReference = BB5F750B19DFF45E002C0025 /* sponsorPayTests.xctest */;
			productType = "com.apple.product-type.bundle.unit-test";
		};
/* End PBXNativeTarget section */

/* Begin PBXProject section */
		BB5F74EE19DFF45E002C0025 /* Project object */ = {
			isa = PBXProject;
			attributes = {
				LastUpgradeCheck = 0600;
				ORGANIZATIONNAME = "Damien Martin";
				TargetAttributes = {
					BB5F74F519DFF45E002C0025 = {
						CreatedOnToolsVersion = 6.0;
					};
					BB5F750A19DFF45E002C0025 = {
						CreatedOnToolsVersion = 6.0;
						TestTargetID = BB5F74F519DFF45E002C0025;
					};
				};
			};
			buildConfigurationList = BB5F74F119DFF45E002C0025 /* Build configuration list for PBXProject "sponsorPay" */;
			compatibilityVersion = "Xcode 3.2";
			developmentRegion = English;
			hasScannedForEncodings = 0;
			knownRegions = (
				en,
				Base,
			);
			mainGroup = BB5F74ED19DFF45E002C0025;
			productRefGroup = BB5F74F719DFF45E002C0025 /* Products */;
			projectDirPath = "";
			projectRoot = "";
			targets = (
				BB5F74F519DFF45E002C0025 /* sponsorPay */,
				BB5F750A19DFF45E002C0025 /* sponsorPayTests */,
			);
		};
/* End PBXProject section */

/* Begin PBXResourcesBuildPhase section */
		BB5F74F419DFF45E002C0025 /* Resources */ = {
			isa = PBXResourcesBuildPhase;
			buildActionMask = 2147483647;
			files = (
				BB5FBC6F19E1729D00FDC7D4 /* OfferTableViewCell.xib in Resources */,
				BB5F750119DFF45E002C0025 /* Main.storyboard in Resources */,
				BB5F750619DFF45E002C0025 /* LaunchScreen.xib in Resources */,
				BB5F750319DFF45E002C0025 /* Images.xcassets in Resources */,
			);
			runOnlyForDeploymentPostprocessing = 0;
		};
		BB5F750919DFF45E002C0025 /* Resources */ = {
			isa = PBXResourcesBuildPhase;
			buildActionMask = 2147483647;
			files = (
			);
			runOnlyForDeploymentPostprocessing = 0;
		};
/* End PBXResourcesBuildPhase section */

/* Begin PBXSourcesBuildPhase section */
		BB5F74F219DFF45E002C0025 /* Sources */ = {
			isa = PBXSourcesBuildPhase;
			buildActionMask = 2147483647;
			files = (
				BB5FBC6E19E1729D00FDC7D4 /* OfferTableViewCell.swift in Sources */,
				BB5F752319DFF94C002C0025 /* ViewController.swift in Sources */,
				BB46A55C19E03204002A2CC5 /* NSString+Hashes.m in Sources */,
				BB5F751F19DFF900002C0025 /* OfferFormView.swift in Sources */,
				BBB9D6D519DFFC3E00308729 /* extensionsViews.swift in Sources */,
				BB5FBC6319E1531B00FDC7D4 /* Offer.swift in Sources */,
				BB5FBC6119E1530E00FDC7D4 /* OffersResponse.swift in Sources */,
				BB46A56A19E08BE0002A2CC5 /* SponsorPayApiController.swift in Sources */,
				BBB9D6D719E0057E00308729 /* OfferRequest.swift in Sources */,
				BB5F74FC19DFF45E002C0025 /* AppDelegate.swift in Sources */,
				BBB9D6D919E0091A00308729 /* constants.swift in Sources */,
				BB5FBC6A19E16F2E00FDC7D4 /* OffersViewController.swift in Sources */,
			);
			runOnlyForDeploymentPostprocessing = 0;
		};
		BB5F750719DFF45E002C0025 /* Sources */ = {
			isa = PBXSourcesBuildPhase;
			buildActionMask = 2147483647;
			files = (
				BB5FBC6619E1561300FDC7D4 /* Offer.swift in Sources */,
				BB46A54B19E00DCE002A2CC5 /* OfferFormView.swift in Sources */,
				BB46A54A19E00DCA002A2CC5 /* ViewController.swift in Sources */,
				BB46A54919E00DC7002A2CC5 /* OfferRequest.swift in Sources */,
				BB5FBC6519E1561000FDC7D4 /* OffersResponse.swift in Sources */,
				BB5FBC6B19E1706700FDC7D4 /* OffersViewController.swift in Sources */,
				BB5FBC7019E172A500FDC7D4 /* OfferTableViewCell.swift in Sources */,
				BB46A55F19E034D4002A2CC5 /* NSString+Hashes.m in Sources */,
				BB5FBC6819E15CCA00FDC7D4 /* offerTests.swift in Sources */,
				BB46A54C19E00DFB002A2CC5 /* constants.swift in Sources */,
				BB46A54719E00D4D002A2CC5 /* offerRequestTests.swift in Sources */,
				BB46A56B19E08BE2002A2CC5 /* SponsorPayApiController.swift in Sources */,
				BB46A54819E00DC5002A2CC5 /* extensionsViews.swift in Sources */,
				BB46A56D19E08DA8002A2CC5 /* apiControllerTests.swift in Sources */,
				BB5F751219DFF45E002C0025 /* sponsorPayTests.swift in Sources */,
			);
			runOnlyForDeploymentPostprocessing = 0;
		};
/* End PBXSourcesBuildPhase section */

/* Begin PBXTargetDependency section */
		BB5F750D19DFF45E002C0025 /* PBXTargetDependency */ = {
			isa = PBXTargetDependency;
			target = BB5F74F519DFF45E002C0025 /* sponsorPay */;
			targetProxy = BB5F750C19DFF45E002C0025 /* PBXContainerItemProxy */;
		};
/* End PBXTargetDependency section */

/* Begin PBXVariantGroup section */
		BB5F74FF19DFF45E002C0025 /* Main.storyboard */ = {
			isa = PBXVariantGroup;
			children = (
				BB5F750019DFF45E002C0025 /* Base */,
			);
			name = Main.storyboard;
			sourceTree = "<group>";
		};
		BB5F750419DFF45E002C0025 /* LaunchScreen.xib */ = {
			isa = PBXVariantGroup;
			children = (
				BB5F750519DFF45E002C0025 /* Base */,
			);
			name = LaunchScreen.xib;
			sourceTree = "<group>";
		};
/* End PBXVariantGroup section */

/* Begin XCBuildConfiguration section */
		BB5F751319DFF45E002C0025 /* Debug */ = {
			isa = XCBuildConfiguration;
			buildSettings = {
				ALWAYS_SEARCH_USER_PATHS = NO;
				CLANG_CXX_LANGUAGE_STANDARD = "gnu++0x";
				CLANG_CXX_LIBRARY = "libc++";
				CLANG_ENABLE_MODULES = YES;
				CLANG_ENABLE_OBJC_ARC = YES;
				CLANG_WARN_BOOL_CONVERSION = YES;
				CLANG_WARN_CONSTANT_CONVERSION = YES;
				CLANG_WARN_DIRECT_OBJC_ISA_USAGE = YES_ERROR;
				CLANG_WARN_EMPTY_BODY = YES;
				CLANG_WARN_ENUM_CONVERSION = YES;
				CLANG_WARN_INT_CONVERSION = YES;
				CLANG_WARN_OBJC_ROOT_CLASS = YES_ERROR;
				CLANG_WARN_UNREACHABLE_CODE = YES;
				CLANG_WARN__DUPLICATE_METHOD_MATCH = YES;
				"CODE_SIGN_IDENTITY[sdk=iphoneos*]" = "iPhone Developer";
				COPY_PHASE_STRIP = NO;
				ENABLE_STRICT_OBJC_MSGSEND = YES;
				GCC_C_LANGUAGE_STANDARD = gnu99;
				GCC_DYNAMIC_NO_PIC = NO;
				GCC_OPTIMIZATION_LEVEL = 0;
				GCC_PREPROCESSOR_DEFINITIONS = (
					"DEBUG=1",
					"$(inherited)",
				);
				GCC_SYMBOLS_PRIVATE_EXTERN = NO;
				GCC_WARN_64_TO_32_BIT_CONVERSION = YES;
				GCC_WARN_ABOUT_RETURN_TYPE = YES_ERROR;
				GCC_WARN_UNDECLARED_SELECTOR = YES;
				GCC_WARN_UNINITIALIZED_AUTOS = YES_AGGRESSIVE;
				GCC_WARN_UNUSED_FUNCTION = YES;
				GCC_WARN_UNUSED_VARIABLE = YES;
				IPHONEOS_DEPLOYMENT_TARGET = 8.0;
				MTL_ENABLE_DEBUG_INFO = YES;
				ONLY_ACTIVE_ARCH = YES;
				SDKROOT = iphoneos;
				SWIFT_OPTIMIZATION_LEVEL = "-Onone";
				TARGETED_DEVICE_FAMILY = "1,2";
			};
			name = Debug;
		};
		BB5F751419DFF45E002C0025 /* Release */ = {
			isa = XCBuildConfiguration;
			buildSettings = {
				ALWAYS_SEARCH_USER_PATHS = NO;
				CLANG_CXX_LANGUAGE_STANDARD = "gnu++0x";
				CLANG_CXX_LIBRARY = "libc++";
				CLANG_ENABLE_MODULES = YES;
				CLANG_ENABLE_OBJC_ARC = YES;
				CLANG_WARN_BOOL_CONVERSION = YES;
				CLANG_WARN_CONSTANT_CONVERSION = YES;
				CLANG_WARN_DIRECT_OBJC_ISA_USAGE = YES_ERROR;
				CLANG_WARN_EMPTY_BODY = YES;
				CLANG_WARN_ENUM_CONVERSION = YES;
				CLANG_WARN_INT_CONVERSION = YES;
				CLANG_WARN_OBJC_ROOT_CLASS = YES_ERROR;
				CLANG_WARN_UNREACHABLE_CODE = YES;
				CLANG_WARN__DUPLICATE_METHOD_MATCH = YES;
				"CODE_SIGN_IDENTITY[sdk=iphoneos*]" = "iPhone Developer";
				COPY_PHASE_STRIP = YES;
				ENABLE_NS_ASSERTIONS = NO;
				ENABLE_STRICT_OBJC_MSGSEND = YES;
				GCC_C_LANGUAGE_STANDARD = gnu99;
				GCC_WARN_64_TO_32_BIT_CONVERSION = YES;
				GCC_WARN_ABOUT_RETURN_TYPE = YES_ERROR;
				GCC_WARN_UNDECLARED_SELECTOR = YES;
				GCC_WARN_UNINITIALIZED_AUTOS = YES_AGGRESSIVE;
				GCC_WARN_UNUSED_FUNCTION = YES;
				GCC_WARN_UNUSED_VARIABLE = YES;
				IPHONEOS_DEPLOYMENT_TARGET = 8.0;
				MTL_ENABLE_DEBUG_INFO = NO;
				SDKROOT = iphoneos;
				TARGETED_DEVICE_FAMILY = "1,2";
				VALIDATE_PRODUCT = YES;
			};
			name = Release;
		};
		BB5F751619DFF45E002C0025 /* Debug */ = {
			isa = XCBuildConfiguration;
			buildSettings = {
				ASSETCATALOG_COMPILER_APPICON_NAME = AppIcon;
				CLANG_ENABLE_MODULES = YES;
				INFOPLIST_FILE = sponsorPay/Info.plist;
				LD_RUNPATH_SEARCH_PATHS = "$(inherited) @executable_path/Frameworks";
				LIBRARY_SEARCH_PATHS = (
					"$(inherited)",
					"$(SDKROOT)/usr/lib/system",
				);
				PRODUCT_NAME = "$(TARGET_NAME)";
				SWIFT_OBJC_BRIDGING_HEADER = "sponsorPay/Extensions/sponsorPay-Bridging-Header.h";
				SWIFT_OPTIMIZATION_LEVEL = "-Onone";
			};
			name = Debug;
		};
		BB5F751719DFF45E002C0025 /* Release */ = {
			isa = XCBuildConfiguration;
			buildSettings = {
				ASSETCATALOG_COMPILER_APPICON_NAME = AppIcon;
				CLANG_ENABLE_MODULES = YES;
				INFOPLIST_FILE = sponsorPay/Info.plist;
				LD_RUNPATH_SEARCH_PATHS = "$(inherited) @executable_path/Frameworks";
				LIBRARY_SEARCH_PATHS = (
					"$(inherited)",
					"$(SDKROOT)/usr/lib/system",
				);
				PRODUCT_NAME = "$(TARGET_NAME)";
				SWIFT_OBJC_BRIDGING_HEADER = "sponsorPay/Extensions/sponsorPay-Bridging-Header.h";
			};
			name = Release;
		};
		BB5F751919DFF45E002C0025 /* Debug */ = {
			isa = XCBuildConfiguration;
			buildSettings = {
				BUNDLE_LOADER = "$(TEST_HOST)";
				FRAMEWORK_SEARCH_PATHS = (
					"$(SDKROOT)/Developer/Library/Frameworks",
					"$(inherited)",
				);
				GCC_PREPROCESSOR_DEFINITIONS = (
					"DEBUG=1",
					"$(inherited)",
				);
				INFOPLIST_FILE = sponsorPayTests/Info.plist;
				LD_RUNPATH_SEARCH_PATHS = "$(inherited) @executable_path/Frameworks @loader_path/Frameworks";
				PRODUCT_NAME = "$(TARGET_NAME)";
				SWIFT_OBJC_BRIDGING_HEADER = "sponsorPay/Extensions/sponsorPay-Bridging-Header.h";
				TEST_HOST = "$(BUILT_PRODUCTS_DIR)/sponsorPay.app/sponsorPay";
			};
			name = Debug;
		};
		BB5F751A19DFF45E002C0025 /* Release */ = {
			isa = XCBuildConfiguration;
			buildSettings = {
				BUNDLE_LOADER = "$(TEST_HOST)";
				FRAMEWORK_SEARCH_PATHS = (
					"$(SDKROOT)/Developer/Library/Frameworks",
					"$(inherited)",
				);
				INFOPLIST_FILE = sponsorPayTests/Info.plist;
				LD_RUNPATH_SEARCH_PATHS = "$(inherited) @executable_path/Frameworks @loader_path/Frameworks";
				PRODUCT_NAME = "$(TARGET_NAME)";
				SWIFT_OBJC_BRIDGING_HEADER = "sponsorPay/Extensions/sponsorPay-Bridging-Header.h";
				TEST_HOST = "$(BUILT_PRODUCTS_DIR)/sponsorPay.app/sponsorPay";
			};
			name = Release;
		};
/* End XCBuildConfiguration section */

/* Begin XCConfigurationList section */
		BB5F74F119DFF45E002C0025 /* Build configuration list for PBXProject "sponsorPay" */ = {
			isa = XCConfigurationList;
			buildConfigurations = (
				BB5F751319DFF45E002C0025 /* Debug */,
				BB5F751419DFF45E002C0025 /* Release */,
			);
			defaultConfigurationIsVisible = 0;
			defaultConfigurationName = Release;
		};
		BB5F751519DFF45E002C0025 /* Build configuration list for PBXNativeTarget "sponsorPay" */ = {
			isa = XCConfigurationList;
			buildConfigurations = (
				BB5F751619DFF45E002C0025 /* Debug */,
				BB5F751719DFF45E002C0025 /* Release */,
			);
			defaultConfigurationIsVisible = 0;
			defaultConfigurationName = Release;
		};
		BB5F751819DFF45E002C0025 /* Build configuration list for PBXNativeTarget "sponsorPayTests" */ = {
			isa = XCConfigurationList;
			buildConfigurations = (
				BB5F751919DFF45E002C0025 /* Debug */,
				BB5F751A19DFF45E002C0025 /* Release */,
			);
			defaultConfigurationIsVisible = 0;
			defaultConfigurationName = Release;
		};
/* End XCConfigurationList section */
	};
	rootObject = BB5F74EE19DFF45E002C0025 /* Project object */;
}
